
Microsoft Visual Studio Solution File, Format Version 12.00
# Visual Studio Version 17
VisualStudioVersion = 17.0.31912.275
MinimumVisualStudioVersion = 10.0.40219.1
Project("{9A19103F-16F7-4668-BE54-9A1E7A4F7556}") = "Rvig.Data.Base", "Rvig.Data.Base\Rvig.Data.Base.csproj", "{CDB82893-2494-44C6-8230-FA991F5DCB28}"
EndProject
Project("{9A19103F-16F7-4668-BE54-9A1E7A4F7556}") = "Rvig.BrpApi.Bewoningen", "Rvig.BrpApi.Bewoningen\Rvig.BrpApi.Bewoningen.csproj", "{57A7A4D1-419A-4D0C-8CCD-E3D378E200CA}"
EndProject
Project("{2150E333-8FDC-42A3-9474-1A3956D46DE8}") = "Apis", "Apis", "{4728F96B-F2CC-4D46-9833-933220F7D644}"
EndProject
Project("{2150E333-8FDC-42A3-9474-1A3956D46DE8}") = "App", "App", "{3DFFAA98-38EA-44A1-86ED-8E2E7C4CFDE9}"
EndProject
Project("{2150E333-8FDC-42A3-9474-1A3956D46DE8}") = "Data", "Data", "{77840799-C221-4CBB-A44B-B9FA6B2F960D}"
EndProject
Project("{9A19103F-16F7-4668-BE54-9A1E7A4F7556}") = "Rvig.Data.Bewoningen", "Rvig.Data.Bewoningen\Rvig.Data.Bewoningen.csproj", "{0BB6C765-F749-40A7-8307-BF79769FCA1D}"
EndProject
Project("{9A19103F-16F7-4668-BE54-9A1E7A4F7556}") = "Bewoning.Data.Service", "Bewoning.Data.Service\Bewoning.Data.Service.csproj", "{CADC5C85-1BB2-4E15-B516-2A88DD079FAA}"
EndProject
Project("{2150E333-8FDC-42A3-9474-1A3956D46DE8}") = "Test", "Test", "{A3D983C3-795F-403C-8DC1-A55995D867C7}"
EndProject
Project("{9A19103F-16F7-4668-BE54-9A1E7A4F7556}") = "Test.RvigHaalCentraal", "Test.RvigHaalCentraal\Test.RvigHaalCentraal.csproj", "{BA46CB2B-850A-42A7-9388-6EF842B0CC73}"
EndProject
Project("{2150E333-8FDC-42A3-9474-1A3956D46DE8}") = "Shared", "Shared", "{2FFBD9ED-5082-4E38-A446-C2C53426D2DD}"
EndProject
Project("{9A19103F-16F7-4668-BE54-9A1E7A4F7556}") = "Brp.Shared.Infrastructure", "Brp.Shared.Infrastructure\Brp.Shared.Infrastructure.csproj", "{145DB806-DBDB-4BCD-8606-92B56FFF8ADF}"
EndProject
Project("{9A19103F-16F7-4668-BE54-9A1E7A4F7556}") = "Serilog.Sinks.PersistentFile", "Serilog.Sinks.PersistentFile\Serilog.Sinks.PersistentFile.csproj", "{C21192F6-2510-45C4-8AA8-0D3BEFB6F78D}"
EndProject
Project("{9A19103F-16F7-4668-BE54-9A1E7A4F7556}") = "Rvig.Data.Base.Postgres", "Rvig.Data.Base.Postgres\Rvig.Data.Base.Postgres.csproj", "{1418322D-AA4B-48DF-95A7-86A621A986B5}"
EndProject
Project("{9A19103F-16F7-4668-BE54-9A1E7A4F7556}") = "Rvig.Data.Base.WebApi", "Rvig.Data.Base.WebApi\Rvig.Data.Base.WebApi.csproj", "{45C88CE8-D40F-42D5-8A6A-C10066E5E881}"
EndProject
Global
	GlobalSection(SolutionConfigurationPlatforms) = preSolution
		Debug|Any CPU = Debug|Any CPU
		Debug|x64 = Debug|x64
		Debug|x86 = Debug|x86
		Release|Any CPU = Release|Any CPU
		Release|x64 = Release|x64
		Release|x86 = Release|x86
	EndGlobalSection
	GlobalSection(ProjectConfigurationPlatforms) = postSolution
		{CDB82893-2494-44C6-8230-FA991F5DCB28}.Debug|Any CPU.ActiveCfg = Debug|Any CPU
		{CDB82893-2494-44C6-8230-FA991F5DCB28}.Debug|Any CPU.Build.0 = Debug|Any CPU
		{CDB82893-2494-44C6-8230-FA991F5DCB28}.Debug|x64.ActiveCfg = Debug|Any CPU
		{CDB82893-2494-44C6-8230-FA991F5DCB28}.Debug|x64.Build.0 = Debug|Any CPU
		{CDB82893-2494-44C6-8230-FA991F5DCB28}.Debug|x86.ActiveCfg = Debug|Any CPU
		{CDB82893-2494-44C6-8230-FA991F5DCB28}.Debug|x86.Build.0 = Debug|Any CPU
		{CDB82893-2494-44C6-8230-FA991F5DCB28}.Release|Any CPU.ActiveCfg = Release|Any CPU
		{CDB82893-2494-44C6-8230-FA991F5DCB28}.Release|Any CPU.Build.0 = Release|Any CPU
		{CDB82893-2494-44C6-8230-FA991F5DCB28}.Release|x64.ActiveCfg = Release|Any CPU
		{CDB82893-2494-44C6-8230-FA991F5DCB28}.Release|x64.Build.0 = Release|Any CPU
		{CDB82893-2494-44C6-8230-FA991F5DCB28}.Release|x86.ActiveCfg = Release|Any CPU
		{CDB82893-2494-44C6-8230-FA991F5DCB28}.Release|x86.Build.0 = Release|Any CPU
		{57A7A4D1-419A-4D0C-8CCD-E3D378E200CA}.Debug|Any CPU.ActiveCfg = Debug|Any CPU
		{57A7A4D1-419A-4D0C-8CCD-E3D378E200CA}.Debug|Any CPU.Build.0 = Debug|Any CPU
		{57A7A4D1-419A-4D0C-8CCD-E3D378E200CA}.Debug|x64.ActiveCfg = Debug|Any CPU
		{57A7A4D1-419A-4D0C-8CCD-E3D378E200CA}.Debug|x64.Build.0 = Debug|Any CPU
		{57A7A4D1-419A-4D0C-8CCD-E3D378E200CA}.Debug|x86.ActiveCfg = Debug|Any CPU
		{57A7A4D1-419A-4D0C-8CCD-E3D378E200CA}.Debug|x86.Build.0 = Debug|Any CPU
		{57A7A4D1-419A-4D0C-8CCD-E3D378E200CA}.Release|Any CPU.ActiveCfg = Release|Any CPU
		{57A7A4D1-419A-4D0C-8CCD-E3D378E200CA}.Release|Any CPU.Build.0 = Release|Any CPU
		{57A7A4D1-419A-4D0C-8CCD-E3D378E200CA}.Release|x64.ActiveCfg = Release|Any CPU
		{57A7A4D1-419A-4D0C-8CCD-E3D378E200CA}.Release|x64.Build.0 = Release|Any CPU
		{57A7A4D1-419A-4D0C-8CCD-E3D378E200CA}.Release|x86.ActiveCfg = Release|Any CPU
		{57A7A4D1-419A-4D0C-8CCD-E3D378E200CA}.Release|x86.Build.0 = Release|Any CPU
		{0BB6C765-F749-40A7-8307-BF79769FCA1D}.Debug|Any CPU.ActiveCfg = Debug|Any CPU
		{0BB6C765-F749-40A7-8307-BF79769FCA1D}.Debug|Any CPU.Build.0 = Debug|Any CPU
		{0BB6C765-F749-40A7-8307-BF79769FCA1D}.Debug|x64.ActiveCfg = Debug|Any CPU
		{0BB6C765-F749-40A7-8307-BF79769FCA1D}.Debug|x64.Build.0 = Debug|Any CPU
		{0BB6C765-F749-40A7-8307-BF79769FCA1D}.Debug|x86.ActiveCfg = Debug|Any CPU
		{0BB6C765-F749-40A7-8307-BF79769FCA1D}.Debug|x86.Build.0 = Debug|Any CPU
		{0BB6C765-F749-40A7-8307-BF79769FCA1D}.Release|Any CPU.ActiveCfg = Release|Any CPU
		{0BB6C765-F749-40A7-8307-BF79769FCA1D}.Release|Any CPU.Build.0 = Release|Any CPU
		{0BB6C765-F749-40A7-8307-BF79769FCA1D}.Release|x64.ActiveCfg = Release|Any CPU
		{0BB6C765-F749-40A7-8307-BF79769FCA1D}.Release|x64.Build.0 = Release|Any CPU
		{0BB6C765-F749-40A7-8307-BF79769FCA1D}.Release|x86.ActiveCfg = Release|Any CPU
		{0BB6C765-F749-40A7-8307-BF79769FCA1D}.Release|x86.Build.0 = Release|Any CPU
		{CADC5C85-1BB2-4E15-B516-2A88DD079FAA}.Debug|Any CPU.ActiveCfg = Debug|Any CPU
		{CADC5C85-1BB2-4E15-B516-2A88DD079FAA}.Debug|Any CPU.Build.0 = Debug|Any CPU
		{CADC5C85-1BB2-4E15-B516-2A88DD079FAA}.Debug|x64.ActiveCfg = Debug|Any CPU
		{CADC5C85-1BB2-4E15-B516-2A88DD079FAA}.Debug|x64.Build.0 = Debug|Any CPU
		{CADC5C85-1BB2-4E15-B516-2A88DD079FAA}.Debug|x86.ActiveCfg = Debug|Any CPU
		{CADC5C85-1BB2-4E15-B516-2A88DD079FAA}.Debug|x86.Build.0 = Debug|Any CPU
		{CADC5C85-1BB2-4E15-B516-2A88DD079FAA}.Release|Any CPU.ActiveCfg = Release|Any CPU
		{CADC5C85-1BB2-4E15-B516-2A88DD079FAA}.Release|Any CPU.Build.0 = Release|Any CPU
		{CADC5C85-1BB2-4E15-B516-2A88DD079FAA}.Release|x64.ActiveCfg = Release|Any CPU
		{CADC5C85-1BB2-4E15-B516-2A88DD079FAA}.Release|x64.Build.0 = Release|Any CPU
		{CADC5C85-1BB2-4E15-B516-2A88DD079FAA}.Release|x86.ActiveCfg = Release|Any CPU
		{CADC5C85-1BB2-4E15-B516-2A88DD079FAA}.Release|x86.Build.0 = Release|Any CPU
		{BA46CB2B-850A-42A7-9388-6EF842B0CC73}.Debug|Any CPU.ActiveCfg = Debug|Any CPU
		{BA46CB2B-850A-42A7-9388-6EF842B0CC73}.Debug|Any CPU.Build.0 = Debug|Any CPU
		{BA46CB2B-850A-42A7-9388-6EF842B0CC73}.Debug|x64.ActiveCfg = Debug|Any CPU
		{BA46CB2B-850A-42A7-9388-6EF842B0CC73}.Debug|x64.Build.0 = Debug|Any CPU
		{BA46CB2B-850A-42A7-9388-6EF842B0CC73}.Debug|x86.ActiveCfg = Debug|Any CPU
		{BA46CB2B-850A-42A7-9388-6EF842B0CC73}.Debug|x86.Build.0 = Debug|Any CPU
		{BA46CB2B-850A-42A7-9388-6EF842B0CC73}.Release|Any CPU.ActiveCfg = Release|Any CPU
		{BA46CB2B-850A-42A7-9388-6EF842B0CC73}.Release|Any CPU.Build.0 = Release|Any CPU
		{BA46CB2B-850A-42A7-9388-6EF842B0CC73}.Release|x64.ActiveCfg = Release|Any CPU
		{BA46CB2B-850A-42A7-9388-6EF842B0CC73}.Release|x64.Build.0 = Release|Any CPU
		{BA46CB2B-850A-42A7-9388-6EF842B0CC73}.Release|x86.ActiveCfg = Release|Any CPU
		{BA46CB2B-850A-42A7-9388-6EF842B0CC73}.Release|x86.Build.0 = Release|Any CPU
		{145DB806-DBDB-4BCD-8606-92B56FFF8ADF}.Debug|Any CPU.ActiveCfg = Debug|Any CPU
		{145DB806-DBDB-4BCD-8606-92B56FFF8ADF}.Debug|Any CPU.Build.0 = Debug|Any CPU
		{145DB806-DBDB-4BCD-8606-92B56FFF8ADF}.Debug|x64.ActiveCfg = Debug|Any CPU
		{145DB806-DBDB-4BCD-8606-92B56FFF8ADF}.Debug|x64.Build.0 = Debug|Any CPU
		{145DB806-DBDB-4BCD-8606-92B56FFF8ADF}.Debug|x86.ActiveCfg = Debug|Any CPU
		{145DB806-DBDB-4BCD-8606-92B56FFF8ADF}.Debug|x86.Build.0 = Debug|Any CPU
		{145DB806-DBDB-4BCD-8606-92B56FFF8ADF}.Release|Any CPU.ActiveCfg = Release|Any CPU
		{145DB806-DBDB-4BCD-8606-92B56FFF8ADF}.Release|Any CPU.Build.0 = Release|Any CPU
		{145DB806-DBDB-4BCD-8606-92B56FFF8ADF}.Release|x64.ActiveCfg = Release|Any CPU
		{145DB806-DBDB-4BCD-8606-92B56FFF8ADF}.Release|x64.Build.0 = Release|Any CPU
		{145DB806-DBDB-4BCD-8606-92B56FFF8ADF}.Release|x86.ActiveCfg = Release|Any CPU
		{145DB806-DBDB-4BCD-8606-92B56FFF8ADF}.Release|x86.Build.0 = Release|Any CPU
		{C21192F6-2510-45C4-8AA8-0D3BEFB6F78D}.Debug|Any CPU.ActiveCfg = Debug|Any CPU
		{C21192F6-2510-45C4-8AA8-0D3BEFB6F78D}.Debug|Any CPU.Build.0 = Debug|Any CPU
		{C21192F6-2510-45C4-8AA8-0D3BEFB6F78D}.Debug|x64.ActiveCfg = Debug|Any CPU
		{C21192F6-2510-45C4-8AA8-0D3BEFB6F78D}.Debug|x64.Build.0 = Debug|Any CPU
		{C21192F6-2510-45C4-8AA8-0D3BEFB6F78D}.Debug|x86.ActiveCfg = Debug|Any CPU
		{C21192F6-2510-45C4-8AA8-0D3BEFB6F78D}.Debug|x86.Build.0 = Debug|Any CPU
		{C21192F6-2510-45C4-8AA8-0D3BEFB6F78D}.Release|Any CPU.ActiveCfg = Release|Any CPU
		{C21192F6-2510-45C4-8AA8-0D3BEFB6F78D}.Release|Any CPU.Build.0 = Release|Any CPU
		{C21192F6-2510-45C4-8AA8-0D3BEFB6F78D}.Release|x64.ActiveCfg = Release|Any CPU
		{C21192F6-2510-45C4-8AA8-0D3BEFB6F78D}.Release|x64.Build.0 = Release|Any CPU
		{C21192F6-2510-45C4-8AA8-0D3BEFB6F78D}.Release|x86.ActiveCfg = Release|Any CPU
		{C21192F6-2510-45C4-8AA8-0D3BEFB6F78D}.Release|x86.Build.0 = Release|Any CPU
		{1418322D-AA4B-48DF-95A7-86A621A986B5}.Debug|Any CPU.ActiveCfg = Debug|Any CPU
		{1418322D-AA4B-48DF-95A7-86A621A986B5}.Debug|Any CPU.Build.0 = Debug|Any CPU
		{1418322D-AA4B-48DF-95A7-86A621A986B5}.Debug|x64.ActiveCfg = Debug|Any CPU
		{1418322D-AA4B-48DF-95A7-86A621A986B5}.Debug|x64.Build.0 = Debug|Any CPU
		{1418322D-AA4B-48DF-95A7-86A621A986B5}.Debug|x86.ActiveCfg = Debug|Any CPU
		{1418322D-AA4B-48DF-95A7-86A621A986B5}.Debug|x86.Build.0 = Debug|Any CPU
		{1418322D-AA4B-48DF-95A7-86A621A986B5}.Release|Any CPU.ActiveCfg = Release|Any CPU
		{1418322D-AA4B-48DF-95A7-86A621A986B5}.Release|Any CPU.Build.0 = Release|Any CPU
		{1418322D-AA4B-48DF-95A7-86A621A986B5}.Release|x64.ActiveCfg = Release|Any CPU
		{1418322D-AA4B-48DF-95A7-86A621A986B5}.Release|x64.Build.0 = Release|Any CPU
		{1418322D-AA4B-48DF-95A7-86A621A986B5}.Release|x86.ActiveCfg = Release|Any CPU
		{1418322D-AA4B-48DF-95A7-86A621A986B5}.Release|x86.Build.0 = Release|Any CPU
		{45C88CE8-D40F-42D5-8A6A-C10066E5E881}.Debug|Any CPU.ActiveCfg = Debug|Any CPU
		{45C88CE8-D40F-42D5-8A6A-C10066E5E881}.Debug|Any CPU.Build.0 = Debug|Any CPU
		{45C88CE8-D40F-42D5-8A6A-C10066E5E881}.Debug|x64.ActiveCfg = Debug|Any CPU
		{45C88CE8-D40F-42D5-8A6A-C10066E5E881}.Debug|x64.Build.0 = Debug|Any CPU
		{45C88CE8-D40F-42D5-8A6A-C10066E5E881}.Debug|x86.ActiveCfg = Debug|Any CPU
		{45C88CE8-D40F-42D5-8A6A-C10066E5E881}.Debug|x86.Build.0 = Debug|Any CPU
		{45C88CE8-D40F-42D5-8A6A-C10066E5E881}.Release|Any CPU.ActiveCfg = Release|Any CPU
		{45C88CE8-D40F-42D5-8A6A-C10066E5E881}.Release|Any CPU.Build.0 = Release|Any CPU
		{45C88CE8-D40F-42D5-8A6A-C10066E5E881}.Release|x64.ActiveCfg = Release|Any CPU
		{45C88CE8-D40F-42D5-8A6A-C10066E5E881}.Release|x64.Build.0 = Release|Any CPU
		{45C88CE8-D40F-42D5-8A6A-C10066E5E881}.Release|x86.ActiveCfg = Release|Any CPU
		{45C88CE8-D40F-42D5-8A6A-C10066E5E881}.Release|x86.Build.0 = Release|Any CPU
	EndGlobalSection
	GlobalSection(SolutionProperties) = preSolution
		HideSolutionNode = FALSE
	EndGlobalSection
	GlobalSection(NestedProjects) = preSolution
		{CDB82893-2494-44C6-8230-FA991F5DCB28} = {77840799-C221-4CBB-A44B-B9FA6B2F960D}
		{57A7A4D1-419A-4D0C-8CCD-E3D378E200CA} = {4728F96B-F2CC-4D46-9833-933220F7D644}
		{0BB6C765-F749-40A7-8307-BF79769FCA1D} = {77840799-C221-4CBB-A44B-B9FA6B2F960D}
		{CADC5C85-1BB2-4E15-B516-2A88DD079FAA} = {3DFFAA98-38EA-44A1-86ED-8E2E7C4CFDE9}
		{BA46CB2B-850A-42A7-9388-6EF842B0CC73} = {A3D983C3-795F-403C-8DC1-A55995D867C7}
		{145DB806-DBDB-4BCD-8606-92B56FFF8ADF} = {2FFBD9ED-5082-4E38-A446-C2C53426D2DD}
		{C21192F6-2510-45C4-8AA8-0D3BEFB6F78D} = {2FFBD9ED-5082-4E38-A446-C2C53426D2DD}
		{1418322D-AA4B-48DF-95A7-86A621A986B5} = {77840799-C221-4CBB-A44B-B9FA6B2F960D}
		{45C88CE8-D40F-42D5-8A6A-C10066E5E881} = {77840799-C221-4CBB-A44B-B9FA6B2F960D}
	EndGlobalSection
	GlobalSection(ExtensibilityGlobals) = postSolution
		SolutionGuid = {B51BA43C-8AFA-4C94-B2DA-8F345C18BC61}
	EndGlobalSection
EndGlobal
